
Microsoft Visual Studio Solution File, Format Version 12.00
# Visual Studio Version 17
VisualStudioVersion = 17.14.36623.8 d17.14
MinimumVisualStudioVersion = 10.0.40219.1
Project("{8BC9CEB8-8B4A-11D0-8D11-00A0C91BC942}") = "DX11_INTERNAL_IMGUI", "DX11_INTERNAL_IMGUI.vcxproj", "{38B23A71-D809-4575-BA4C-39139B57C458}"
EndProject
Global
	GlobalSection(SolutionConfigurationPlatforms) = preSolution
		Debug|x64 = Debug|x64
		Debug|x86 = Debug|x86
		Release|x64 = Release|x64
		Release|x86 = Release|x86
	EndGlobalSection
	GlobalSection(ProjectConfigurationPlatforms) = postSolution
		{38B23A71-D809-4575-BA4C-39139B57C458}.Debug|x64.ActiveCfg = Debug|x64
		{38B23A71-D809-4575-BA4C-39139B57C458}.Debug|x64.Build.0 = Debug|x64
		{38B23A71-D809-4575-BA4C-39139B57C458}.Debug|x86.ActiveCfg = Debug|Win32
		{38B23A71-D809-4575-BA4C-39139B57C458}.Debug|x86.Build.0 = Debug|Win32
		{38B23A71-D809-4575-BA4C-39139B57C458}.Release|x64.ActiveCfg = Release|x64
		{38B23A71-D809-4575-BA4C-39139B57C458}.Release|x64.Build.0 = Release|x64
		{38B23A71-D809-4575-BA4C-39139B57C458}.Release|x86.ActiveCfg = Release|Win32
		{38B23A71-D809-4575-BA4C-39139B57C458}.Release|x86.Build.0 = Release|Win32
	EndGlobalSection
	GlobalSection(SolutionProperties) = preSolution
		HideSolutionNode = FALSE
	EndGlobalSection
	GlobalSection(ExtensibilityGlobals) = postSolution
		SolutionGuid = {4A365245-0FDA-43E1-9CD1-C4560544E77B}
	EndGlobalSection
EndGlobal
